
Microsoft Visual Studio Solution File, Format Version 12.00
Project("{FAE04EC0-301F-11D3-BF4B-00C04F79EFBC}") = "LabPictures", "LabPictures\LabPictures.csproj", "{D3CA09B2-04C9-46E1-B679-226BEC4B0C1F}"
EndProject
Global
	GlobalSection(SolutionConfigurationPlatforms) = preSolution
		Debug|Any CPU = Debug|Any CPU
		Release|Any CPU = Release|Any CPU
	EndGlobalSection
	GlobalSection(ProjectConfigurationPlatforms) = postSolution
		{D3CA09B2-04C9-46E1-B679-226BEC4B0C1F}.Debug|Any CPU.ActiveCfg = Debug|Any CPU
		{D3CA09B2-04C9-46E1-B679-226BEC4B0C1F}.Debug|Any CPU.Build.0 = Debug|Any CPU
		{D3CA09B2-04C9-46E1-B679-226BEC4B0C1F}.Release|Any CPU.ActiveCfg = Release|Any CPU
		{D3CA09B2-04C9-46E1-B679-226BEC4B0C1F}.Release|Any CPU.Build.0 = Release|Any CPU
	EndGlobalSection
EndGlobal
